// !$*UTF8*$!
{
	archiveVersion = 1;
	classes = {
	};
	objectVersion = 50;
	objects = {

/* Begin PBXBuildFile section */
		2245B1752240748E00A6EDCC /* AppDelegate.swift in Sources */ = {isa = PBXBuildFile; fileRef = 2245B1742240748E00A6EDCC /* AppDelegate.swift */; };
		2245B1772240748E00A6EDCC /* ViewController.swift in Sources */ = {isa = PBXBuildFile; fileRef = 2245B1762240748E00A6EDCC /* ViewController.swift */; };
		2245B17A2240748E00A6EDCC /* Main.storyboard in Resources */ = {isa = PBXBuildFile; fileRef = 2245B1782240748E00A6EDCC /* Main.storyboard */; };
		2245B17C2240749000A6EDCC /* Assets.xcassets in Resources */ = {isa = PBXBuildFile; fileRef = 2245B17B2240749000A6EDCC /* Assets.xcassets */; };
		2245B17F2240749000A6EDCC /* LaunchScreen.storyboard in Resources */ = {isa = PBXBuildFile; fileRef = 2245B17D2240749000A6EDCC /* LaunchScreen.storyboard */; };
		2245B1872240F9EE00A6EDCC /* Calculations.swift in Sources */ = {isa = PBXBuildFile; fileRef = 2245B1862240F9EE00A6EDCC /* Calculations.swift */; };
		22FE2866224222BD00B2209B /* Bugs.rtf in Resources */ = {isa = PBXBuildFile; fileRef = 22FE2865224222BD00B2209B /* Bugs.rtf */; };
/* End PBXBuildFile section */

/* Begin PBXFileReference section */
		2245B1712240748E00A6EDCC /* SimpleCaculator.app */ = {isa = PBXFileReference; explicitFileType = wrapper.application; includeInIndex = 0; path = SimpleCaculator.app; sourceTree = BUILT_PRODUCTS_DIR; };
		2245B1742240748E00A6EDCC /* AppDelegate.swift */ = {isa = PBXFileReference; lastKnownFileType = sourcecode.swift; path = AppDelegate.swift; sourceTree = "<group>"; };
		2245B1762240748E00A6EDCC /* ViewController.swift */ = {isa = PBXFileReference; lastKnownFileType = sourcecode.swift; path = ViewController.swift; sourceTree = "<group>"; };
		2245B1792240748E00A6EDCC /* Base */ = {isa = PBXFileReference; lastKnownFileType = file.storyboard; name = Base; path = Base.lproj/Main.storyboard; sourceTree = "<group>"; };
		2245B17B2240749000A6EDCC /* Assets.xcassets */ = {isa = PBXFileReference; lastKnownFileType = folder.assetcatalog; path = Assets.xcassets; sourceTree = "<group>"; };
		2245B17E2240749000A6EDCC /* Base */ = {isa = PBXFileReference; lastKnownFileType = file.storyboard; name = Base; path = Base.lproj/LaunchScreen.storyboard; sourceTree = "<group>"; };
		2245B1802240749000A6EDCC /* Info.plist */ = {isa = PBXFileReference; lastKnownFileType = text.plist.xml; path = Info.plist; sourceTree = "<group>"; };
		2245B1862240F9EE00A6EDCC /* Calculations.swift */ = {isa = PBXFileReference; lastKnownFileType = sourcecode.swift; path = Calculations.swift; sourceTree = "<group>"; };
		22FE2865224222BD00B2209B /* Bugs.rtf */ = {isa = PBXFileReference; lastKnownFileType = text.rtf; path = Bugs.rtf; sourceTree = "<group>"; };
/* End PBXFileReference section */

/* Begin PBXFrameworksBuildPhase section */
		2245B16E2240748E00A6EDCC /* Frameworks */ = {
			isa = PBXFrameworksBuildPhase;
			buildActionMask = 2147483647;
			files = (
			);
			runOnlyForDeploymentPostprocessing = 0;
		};
/* End PBXFrameworksBuildPhase section */

/* Begin PBXGroup section */
		2245B1682240748E00A6EDCC = {
			isa = PBXGroup;
			children = (
				22FE2865224222BD00B2209B /* Bugs.rtf */,
				2245B1732240748E00A6EDCC /* SimpleCaculator */,
				2245B1722240748E00A6EDCC /* Products */,
			);
			sourceTree = "<group>";
		};
		2245B1722240748E00A6EDCC /* Products */ = {
			isa = PBXGroup;
			children = (
				2245B1712240748E00A6EDCC /* SimpleCaculator.app */,
			);
			name = Products;
			sourceTree = "<group>";
		};
		2245B1732240748E00A6EDCC /* SimpleCaculator */ = {
			isa = PBXGroup;
			children = (
				2245B1742240748E00A6EDCC /* AppDelegate.swift */,
				2245B1892240FA1B00A6EDCC /* Controller */,
				2245B18A2240FA4100A6EDCC /* View */,
				2245B1882240F9FA00A6EDCC /* Model */,
				2245B17B2240749000A6EDCC /* Assets.xcassets */,
				2245B17D2240749000A6EDCC /* LaunchScreen.storyboard */,
				2245B1802240749000A6EDCC /* Info.plist */,
			);
			path = SimpleCaculator;
			sourceTree = "<group>";
		};
		2245B1882240F9FA00A6EDCC /* Model */ = {
			isa = PBXGroup;
			children = (
				2245B1862240F9EE00A6EDCC /* Calculations.swift */,
			);
			path = Model;
			sourceTree = "<group>";
		};
		2245B1892240FA1B00A6EDCC /* Controller */ = {
			isa = PBXGroup;
			children = (
				2245B1762240748E00A6EDCC /* ViewController.swift */,
			);
			path = Controller;
			sourceTree = "<group>";
		};
		2245B18A2240FA4100A6EDCC /* View */ = {
			isa = PBXGroup;
			children = (
				2245B1782240748E00A6EDCC /* Main.storyboard */,
			);
			path = View;
			sourceTree = "<group>";
		};
/* End PBXGroup section */

/* Begin PBXNativeTarget section */
		2245B1702240748E00A6EDCC /* SimpleCaculator */ = {
			isa = PBXNativeTarget;
			buildConfigurationList = 2245B1832240749000A6EDCC /* Build configuration list for PBXNativeTarget "SimpleCaculator" */;
			buildPhases = (
				2245B16D2240748E00A6EDCC /* Sources */,
				2245B16E2240748E00A6EDCC /* Frameworks */,
				2245B16F2240748E00A6EDCC /* Resources */,
			);
			buildRules = (
			);
			dependencies = (
			);
			name = SimpleCaculator;
			productName = SimpleCaculator;
			productReference = 2245B1712240748E00A6EDCC /* SimpleCaculator.app */;
			productType = "com.apple.product-type.application";
		};
/* End PBXNativeTarget section */

/* Begin PBXProject section */
		2245B1692240748E00A6EDCC /* Project object */ = {
			isa = PBXProject;
			attributes = {
				LastSwiftUpdateCheck = 1010;
				LastUpgradeCheck = 1010;
				ORGANIZATIONNAME = patrick;
				TargetAttributes = {
					2245B1702240748E00A6EDCC = {
						CreatedOnToolsVersion = 10.1;
					};
				};
			};
			buildConfigurationList = 2245B16C2240748E00A6EDCC /* Build configuration list for PBXProject "SimpleCaculator" */;
			compatibilityVersion = "Xcode 9.3";
			developmentRegion = en;
			hasScannedForEncodings = 0;
			knownRegions = (
				en,
				Base,
			);
			mainGroup = 2245B1682240748E00A6EDCC;
			productRefGroup = 2245B1722240748E00A6EDCC /* Products */;
			projectDirPath = "";
			projectRoot = "";
			targets = (
				2245B1702240748E00A6EDCC /* SimpleCaculator */,
			);
		};
/* End PBXProject section */

/* Begin PBXResourcesBuildPhase section */
		2245B16F2240748E00A6EDCC /* Resources */ = {
			isa = PBXResourcesBuildPhase;
			buildActionMask = 2147483647;
			files = (
				2245B17F2240749000A6EDCC /* LaunchScreen.storyboard in Resources */,
				2245B17C2240749000A6EDCC /* Assets.xcassets in Resources */,
				2245B17A2240748E00A6EDCC /* Main.storyboard in Resources */,
				22FE2866224222BD00B2209B /* Bugs.rtf in Resources */,
			);
			runOnlyForDeploymentPostprocessing = 0;
		};
/* End PBXResourcesBuildPhase section */

/* Begin PBXSourcesBuildPhase section */
		2245B16D2240748E00A6EDCC /* Sources */ = {
			isa = PBXSourcesBuildPhase;
			buildActionMask = 2147483647;
			files = (
				2245B1772240748E00A6EDCC /* ViewController.swift in Sources */,
				2245B1872240F9EE00A6EDCC /* Calculations.swift in Sources */,
				2245B1752240748E00A6EDCC /* AppDelegate.swift in Sources */,
			);
			runOnlyForDeploymentPostprocessing = 0;
		};
/* End PBXSourcesBuildPhase section */

/* Begin PBXVariantGroup section */
		2245B1782240748E00A6EDCC /* Main.storyboard */ = {
			isa = PBXVariantGroup;
			children = (
				2245B1792240748E00A6EDCC /* Base */,
			);
			name = Main.storyboard;
			sourceTree = "<group>";
		};
		2245B17D2240749000A6EDCC /* LaunchScreen.storyboard */ = {
			isa = PBXVariantGroup;
			children = (
				2245B17E2240749000A6EDCC /* Base */,
			);
			name = LaunchScreen.storyboard;
			sourceTree = "<group>";
		};
/* End PBXVariantGroup section */

/* Begin XCBuildConfiguration section */
		2245B1812240749000A6EDCC /* Debug */ = {
			isa = XCBuildConfiguration;
			buildSettings = {
				ALWAYS_SEARCH_USER_PATHS = NO;
				CLANG_ANALYZER_NONNULL = YES;
				CLANG_ANALYZER_NUMBER_OBJECT_CONVERSION = YES_AGGRESSIVE;
				CLANG_CXX_LANGUAGE_STANDARD = "gnu++14";
				CLANG_CXX_LIBRARY = "libc++";
				CLANG_ENABLE_MODULES = YES;
				CLANG_ENABLE_OBJC_ARC = YES;
				CLANG_ENABLE_OBJC_WEAK = YES;
				CLANG_WARN_BLOCK_CAPTURE_AUTORELEASING = YES;
				CLANG_WARN_BOOL_CONVERSION = YES;
				CLANG_WARN_COMMA = YES;
				CLANG_WARN_CONSTANT_CONVERSION = YES;
				CLANG_WARN_DEPRECATED_OBJC_IMPLEMENTATIONS = YES;
				CLANG_WARN_DIRECT_OBJC_ISA_USAGE = YES_ERROR;
				CLANG_WARN_DOCUMENTATION_COMMENTS = YES;
				CLANG_WARN_EMPTY_BODY = YES;
				CLANG_WARN_ENUM_CONVERSION = YES;
				CLANG_WARN_INFINITE_RECURSION = YES;
				CLANG_WARN_INT_CONVERSION = YES;
				CLANG_WARN_NON_LITERAL_NULL_CONVERSION = YES;
				CLANG_WARN_OBJC_IMPLICIT_RETAIN_SELF = YES;
				CLANG_WARN_OBJC_LITERAL_CONVERSION = YES;
				CLANG_WARN_OBJC_ROOT_CLASS = YES_ERROR;
				CLANG_WARN_RANGE_LOOP_ANALYSIS = YES;
				CLANG_WARN_STRICT_PROTOTYPES = YES;
				CLANG_WARN_SUSPICIOUS_MOVE = YES;
				CLANG_WARN_UNGUARDED_AVAILABILITY = YES_AGGRESSIVE;
				CLANG_WARN_UNREACHABLE_CODE = YES;
				CLANG_WARN__DUPLICATE_METHOD_MATCH = YES;
				CODE_SIGN_IDENTITY = "iPhone Developer";
				COPY_PHASE_STRIP = NO;
				DEBUG_INFORMATION_FORMAT = dwarf;
				ENABLE_STRICT_OBJC_MSGSEND = YES;
				ENABLE_TESTABILITY = YES;
				GCC_C_LANGUAGE_STANDARD = gnu11;
				GCC_DYNAMIC_NO_PIC = NO;
				GCC_NO_COMMON_BLOCKS = YES;
				GCC_OPTIMIZATION_LEVEL = 0;
				GCC_PREPROCESSOR_DEFINITIONS = (
					"DEBUG=1",
					"$(inherited)",
				);
				GCC_WARN_64_TO_32_BIT_CONVERSION = YES;
				GCC_WARN_ABOUT_RETURN_TYPE = YES_ERROR;
				GCC_WARN_UNDECLARED_SELECTOR = YES;
				GCC_WARN_UNINITIALIZED_AUTOS = YES_AGGRESSIVE;
				GCC_WARN_UNUSED_FUNCTION = YES;
				GCC_WARN_UNUSED_VARIABLE = YES;
				IPHONEOS_DEPLOYMENT_TARGET = 12.1;
				MTL_ENABLE_DEBUG_INFO = INCLUDE_SOURCE;
				MTL_FAST_MATH = YES;
				ONLY_ACTIVE_ARCH = YES;
				SDKROOT = iphoneos;
				SWIFT_ACTIVE_COMPILATION_CONDITIONS = DEBUG;
				SWIFT_OPTIMIZATION_LEVEL = "-Onone";
			};
			name = Debug;
		};
		2245B1822240749000A6EDCC /* Release */ = {
			isa = XCBuildConfiguration;
			buildSettings = {
				ALWAYS_SEARCH_USER_PATHS = NO;
				CLANG_ANALYZER_NONNULL = YES;
				CLANG_ANALYZER_NUMBER_OBJECT_CONVERSION = YES_AGGRESSIVE;
				CLANG_CXX_LANGUAGE_STANDARD = "gnu++14";
				CLANG_CXX_LIBRARY = "libc++";
				CLANG_ENABLE_MODULES = YES;
				CLANG_ENABLE_OBJC_ARC = YES;
				CLANG_ENABLE_OBJC_WEAK = YES;
				CLANG_WARN_BLOCK_CAPTURE_AUTORELEASING = YES;
				CLANG_WARN_BOOL_CONVERSION = YES;
				CLANG_WARN_COMMA = YES;
				CLANG_WARN_CONSTANT_CONVERSION = YES;
				CLANG_WARN_DEPRECATED_OBJC_IMPLEMENTATIONS = YES;
				CLANG_WARN_DIRECT_OBJC_ISA_USAGE = YES_ERROR;
				CLANG_WARN_DOCUMENTATION_COMMENTS = YES;
				CLANG_WARN_EMPTY_BODY = YES;
				CLANG_WARN_ENUM_CONVERSION = YES;
				CLANG_WARN_INFINITE_RECURSION = YES;
				CLANG_WARN_INT_CONVERSION = YES;
				CLANG_WARN_NON_LITERAL_NULL_CONVERSION = YES;
				CLANG_WARN_OBJC_IMPLICIT_RETAIN_SELF = YES;
				CLANG_WARN_OBJC_LITERAL_CONVERSION = YES;
				CLANG_WARN_OBJC_ROOT_CLASS = YES_ERROR;
				CLANG_WARN_RANGE_LOOP_ANALYSIS = YES;
				CLANG_WARN_STRICT_PROTOTYPES = YES;
				CLANG_WARN_SUSPICIOUS_MOVE = YES;
				CLANG_WARN_UNGUARDED_AVAILABILITY = YES_AGGRESSIVE;
				CLANG_WARN_UNREACHABLE_CODE = YES;
				CLANG_WARN__DUPLICATE_METHOD_MATCH = YES;
				CODE_SIGN_IDENTITY = "iPhone Developer";
				COPY_PHASE_STRIP = NO;
				DEBUG_INFORMATION_FORMAT = "dwarf-with-dsym";
				ENABLE_NS_ASSERTIONS = NO;
				ENABLE_STRICT_OBJC_MSGSEND = YES;
				GCC_C_LANGUAGE_STANDARD = gnu11;
				GCC_NO_COMMON_BLOCKS = YES;
				GCC_WARN_64_TO_32_BIT_CONVERSION = YES;
				GCC_WARN_ABOUT_RETURN_TYPE = YES_ERROR;
				GCC_WARN_UNDECLARED_SELECTOR = YES;
				GCC_WARN_UNINITIALIZED_AUTOS = YES_AGGRESSIVE;
				GCC_WARN_UNUSED_FUNCTION = YES;
				GCC_WARN_UNUSED_VARIABLE = YES;
				IPHONEOS_DEPLOYMENT_TARGET = 12.1;
				MTL_ENABLE_DEBUG_INFO = NO;
				MTL_FAST_MATH = YES;
				SDKROOT = iphoneos;
				SWIFT_COMPILATION_MODE = wholemodule;
				SWIFT_OPTIMIZATION_LEVEL = "-O";
				VALIDATE_PRODUCT = YES;
			};
			name = Release;
		};
		2245B1842240749000A6EDCC /* Debug */ = {
			isa = XCBuildConfiguration;
			buildSettings = {
				ASSETCATALOG_COMPILER_APPICON_NAME = AppIcon;
				CODE_SIGN_STYLE = Automatic;
				DEVELOPMENT_TEAM = C6856H5F7F;
				INFOPLIST_FILE = SimpleCaculator/Info.plist;
				IPHONEOS_DEPLOYMENT_TARGET = 11.1;
				LD_RUNPATH_SEARCH_PATHS = (
					"$(inherited)",
					"@executable_path/Frameworks",
				);
				PRODUCT_BUNDLE_IDENTIFIER = patrick.hotmail.SimpleCaculator;
				PRODUCT_NAME = "$(TARGET_NAME)";
				SWIFT_VERSION = 4.2;
				TARGETED_DEVICE_FAMILY = "1,2";
			};
			name = Debug;
		};
		2245B1852240749000A6EDCC /* Release */ = {
			isa = XCBuildConfiguration;
			buildSettings = {
				ASSETCATALOG_COMPILER_APPICON_NAME = AppIcon;
				CODE_SIGN_STYLE = Automatic;
				DEVELOPMENT_TEAM = C6856H5F7F;
				INFOPLIST_FILE = SimpleCaculator/Info.plist;
				IPHONEOS_DEPLOYMENT_TARGET = 11.1;
				LD_RUNPATH_SEARCH_PATHS = (
					"$(inherited)",
					"@executable_path/Frameworks",
				);
				PRODUCT_BUNDLE_IDENTIFIER = patrick.hotmail.SimpleCaculator;
				PRODUCT_NAME = "$(TARGET_NAME)";
				SWIFT_VERSION = 4.2;
				TARGETED_DEVICE_FAMILY = "1,2";
			};
			name = Release;
		};
/* End XCBuildConfiguration section */

/* Begin XCConfigurationList section */
		2245B16C2240748E00A6EDCC /* Build configuration list for PBXProject "SimpleCaculator" */ = {
			isa = XCConfigurationList;
			buildConfigurations = (
				2245B1812240749000A6EDCC /* Debug */,
				2245B1822240749000A6EDCC /* Release */,
			);
			defaultConfigurationIsVisible = 0;
			defaultConfigurationName = Release;
		};
		2245B1832240749000A6EDCC /* Build configuration list for PBXNativeTarget "SimpleCaculator" */ = {
			isa = XCConfigurationList;
			buildConfigurations = (
				2245B1842240749000A6EDCC /* Debug */,
				2245B1852240749000A6EDCC /* Release */,
			);
			defaultConfigurationIsVisible = 0;
			defaultConfigurationName = Release;
		};
/* End XCConfigurationList section */
	};
	rootObject = 2245B1692240748E00A6EDCC /* Project object */;
}
